
Microsoft Visual Studio Solution File, Format Version 12.00
# Visual Studio Version 16
VisualStudioVersion = 16.0.34902.97
MinimumVisualStudioVersion = 10.0.40219.1
Project("{FAE04EC0-301F-11D3-BF4B-00C04F79EFBC}") = "SecurityDemoMVC", "SecurityDemoMVC\SecurityDemoMVC.csproj", "{097D43A9-F6C0-4800-BEFC-C3E938A1217D}"
EndProject
Global
	GlobalSection(SolutionConfigurationPlatforms) = preSolution
		Debug|Any CPU = Debug|Any CPU
		Release|Any CPU = Release|Any CPU
	EndGlobalSection
	GlobalSection(ProjectConfigurationPlatforms) = postSolution
		{097D43A9-F6C0-4800-BEFC-C3E938A1217D}.Debug|Any CPU.ActiveCfg = Debug|Any CPU
		{097D43A9-F6C0-4800-BEFC-C3E938A1217D}.Debug|Any CPU.Build.0 = Debug|Any CPU
		{097D43A9-F6C0-4800-BEFC-C3E938A1217D}.Release|Any CPU.ActiveCfg = Release|Any CPU
		{097D43A9-F6C0-4800-BEFC-C3E938A1217D}.Release|Any CPU.Build.0 = Release|Any CPU
	EndGlobalSection
	GlobalSection(SolutionProperties) = preSolution
		HideSolutionNode = FALSE
	EndGlobalSection
	GlobalSection(ExtensibilityGlobals) = postSolution
		SolutionGuid = {D79B9214-A5A8-4796-8386-9BA01802DC63}
	EndGlobalSection
EndGlobal
